
Microsoft Visual Studio Solution File, Format Version 12.00
Project("{2150E333-8FDC-42A3-9474-1A3956D46DE8}") = "src", "src", "{827E0CD3-B72D-47B6-A68D-7590B98EB39B}"
EndProject
Project("{FAE04EC0-301F-11D3-BF4B-00C04F79EFBC}") = "n8Tracks.Domain", "src\n8Tracks.Domain\n8Tracks.Domain.csproj", "{4E0B1A72-8EC6-49F2-B269-E7D04D21B2C1}"
EndProject
Project("{FAE04EC0-301F-11D3-BF4B-00C04F79EFBC}") = "n8Tracks.Application", "src\n8Tracks.Application\n8Tracks.Application.csproj", "{B0AA9C5F-10AB-4423-9DF4-C2BBE1541961}"
EndProject
Project("{FAE04EC0-301F-11D3-BF4B-00C04F79EFBC}") = "n8Tracks.Infrastructure", "src\n8Tracks.Infrastructure\n8Tracks.Infrastructure.csproj", "{7241D3B0-B5E9-46D4-804D-5ABD112F03E3}"
EndProject
Project("{FAE04EC0-301F-11D3-BF4B-00C04F79EFBC}") = "n8Tracks.Api", "src\n8Tracks.Api\n8Tracks.Api.csproj", "{C3AC2860-BAE5-47DD-B7E0-D17DEA97D295}"
EndProject
Project("{2150E333-8FDC-42A3-9474-1A3956D46DE8}") = "tests", "tests", "{0AB3BF05-4346-4AA6-1389-037BE0695223}"
EndProject
Project("{FAE04EC0-301F-11D3-BF4B-00C04F79EFBC}") = "n8Tracks.Api.Tests", "tests\n8Tracks.Api.Tests\n8Tracks.Api.Tests.csproj", "{6BD5A754-3C53-4A10-8847-83A5B889AE64}"
EndProject
Project("{FAE04EC0-301F-11D3-BF4B-00C04F79EFBC}") = "n8Tracks.Architecture.Tests", "tests\n8Tracks.Architecture.Tests\n8Tracks.Architecture.Tests.csproj", "{55FBD14A-6928-4408-9DCE-D229ABAEF8FD}"
EndProject
Project("{FAE04EC0-301F-11D3-BF4B-00C04F79EFBC}") = "n8Tracks.Gateway", "src\n8Tracks.Gateway\n8Tracks.Gateway.csproj", "{5F0D1B8E-4305-4DBC-9D40-3EE49B91A9B1}"
EndProject
Project("{FAE04EC0-301F-11D3-BF4B-00C04F79EFBC}") = "n8Tracks.Gateway.Tests", "tests\n8Tracks.Gateway.Tests\n8Tracks.Gateway.Tests.csproj", "{61FB1C2D-8495-4C82-91D9-04B9E6D653C3}"
EndProject
Project("{FAE04EC0-301F-11D3-BF4B-00C04F79EFBC}") = "n8Tracks.ServiceDefaults", "src\n8Tracks.ServiceDefaults\n8Tracks.ServiceDefaults.csproj", "{D4AA0061-86D6-4234-89BD-6E05357FA097}"
EndProject
Project("{FAE04EC0-301F-11D3-BF4B-00C04F79EFBC}") = "n8Tracks.AppHost", "src\n8Tracks.AppHost\n8Tracks.AppHost.csproj", "{DBFAA474-333F-4099-A06A-84311C2DC7E0}"
EndProject
Project("{FAE04EC0-301F-11D3-BF4B-00C04F79EFBC}") = "n8Tracks.AppHost.Tests", "tests\n8Tracks.AppHost.Tests\n8Tracks.AppHost.Tests.csproj", "{BB53CA32-7CB0-4641-9BBE-557D92142383}"
EndProject
Global
	GlobalSection(SolutionConfigurationPlatforms) = preSolution
		Debug|Any CPU = Debug|Any CPU
		Debug|x64 = Debug|x64
		Debug|x86 = Debug|x86
		Release|Any CPU = Release|Any CPU
		Release|x64 = Release|x64
		Release|x86 = Release|x86
	EndGlobalSection
	GlobalSection(ProjectConfigurationPlatforms) = postSolution
		{4E0B1A72-8EC6-49F2-B269-E7D04D21B2C1}.Debug|Any CPU.ActiveCfg = Debug|Any CPU
		{4E0B1A72-8EC6-49F2-B269-E7D04D21B2C1}.Debug|Any CPU.Build.0 = Debug|Any CPU
		{4E0B1A72-8EC6-49F2-B269-E7D04D21B2C1}.Debug|x64.ActiveCfg = Debug|Any CPU
		{4E0B1A72-8EC6-49F2-B269-E7D04D21B2C1}.Debug|x64.Build.0 = Debug|Any CPU
		{4E0B1A72-8EC6-49F2-B269-E7D04D21B2C1}.Debug|x86.ActiveCfg = Debug|Any CPU
		{4E0B1A72-8EC6-49F2-B269-E7D04D21B2C1}.Debug|x86.Build.0 = Debug|Any CPU
		{4E0B1A72-8EC6-49F2-B269-E7D04D21B2C1}.Release|Any CPU.ActiveCfg = Release|Any CPU
		{4E0B1A72-8EC6-49F2-B269-E7D04D21B2C1}.Release|Any CPU.Build.0 = Release|Any CPU
		{4E0B1A72-8EC6-49F2-B269-E7D04D21B2C1}.Release|x64.ActiveCfg = Release|Any CPU
		{4E0B1A72-8EC6-49F2-B269-E7D04D21B2C1}.Release|x64.Build.0 = Release|Any CPU
		{4E0B1A72-8EC6-49F2-B269-E7D04D21B2C1}.Release|x86.ActiveCfg = Release|Any CPU
		{4E0B1A72-8EC6-49F2-B269-E7D04D21B2C1}.Release|x86.Build.0 = Release|Any CPU
		{B0AA9C5F-10AB-4423-9DF4-C2BBE1541961}.Debug|Any CPU.ActiveCfg = Debug|Any CPU
		{B0AA9C5F-10AB-4423-9DF4-C2BBE1541961}.Debug|Any CPU.Build.0 = Debug|Any CPU
		{B0AA9C5F-10AB-4423-9DF4-C2BBE1541961}.Debug|x64.ActiveCfg = Debug|Any CPU
		{B0AA9C5F-10AB-4423-9DF4-C2BBE1541961}.Debug|x64.Build.0 = Debug|Any CPU
		{B0AA9C5F-10AB-4423-9DF4-C2BBE1541961}.Debug|x86.ActiveCfg = Debug|Any CPU
		{B0AA9C5F-10AB-4423-9DF4-C2BBE1541961}.Debug|x86.Build.0 = Debug|Any CPU
		{B0AA9C5F-10AB-4423-9DF4-C2BBE1541961}.Release|Any CPU.ActiveCfg = Release|Any CPU
		{B0AA9C5F-10AB-4423-9DF4-C2BBE1541961}.Release|Any CPU.Build.0 = Release|Any CPU
		{B0AA9C5F-10AB-4423-9DF4-C2BBE1541961}.Release|x64.ActiveCfg = Release|Any CPU
		{B0AA9C5F-10AB-4423-9DF4-C2BBE1541961}.Release|x64.Build.0 = Release|Any CPU
		{B0AA9C5F-10AB-4423-9DF4-C2BBE1541961}.Release|x86.ActiveCfg = Release|Any CPU
		{B0AA9C5F-10AB-4423-9DF4-C2BBE1541961}.Release|x86.Build.0 = Release|Any CPU
		{7241D3B0-B5E9-46D4-804D-5ABD112F03E3}.Debug|Any CPU.ActiveCfg = Debug|Any CPU
		{7241D3B0-B5E9-46D4-804D-5ABD112F03E3}.Debug|Any CPU.Build.0 = Debug|Any CPU
		{7241D3B0-B5E9-46D4-804D-5ABD112F03E3}.Debug|x64.ActiveCfg = Debug|Any CPU
		{7241D3B0-B5E9-46D4-804D-5ABD112F03E3}.Debug|x64.Build.0 = Debug|Any CPU
		{7241D3B0-B5E9-46D4-804D-5ABD112F03E3}.Debug|x86.ActiveCfg = Debug|Any CPU
		{7241D3B0-B5E9-46D4-804D-5ABD112F03E3}.Debug|x86.Build.0 = Debug|Any CPU
		{7241D3B0-B5E9-46D4-804D-5ABD112F03E3}.Release|Any CPU.ActiveCfg = Release|Any CPU
		{7241D3B0-B5E9-46D4-804D-5ABD112F03E3}.Release|Any CPU.Build.0 = Release|Any CPU
		{7241D3B0-B5E9-46D4-804D-5ABD112F03E3}.Release|x64.ActiveCfg = Release|Any CPU
		{7241D3B0-B5E9-46D4-804D-5ABD112F03E3}.Release|x64.Build.0 = Release|Any CPU
		{7241D3B0-B5E9-46D4-804D-5ABD112F03E3}.Release|x86.ActiveCfg = Release|Any CPU
		{7241D3B0-B5E9-46D4-804D-5ABD112F03E3}.Release|x86.Build.0 = Release|Any CPU
		{C3AC2860-BAE5-47DD-B7E0-D17DEA97D295}.Debug|Any CPU.ActiveCfg = Debug|Any CPU
		{C3AC2860-BAE5-47DD-B7E0-D17DEA97D295}.Debug|Any CPU.Build.0 = Debug|Any CPU
		{C3AC2860-BAE5-47DD-B7E0-D17DEA97D295}.Debug|x64.ActiveCfg = Debug|Any CPU
		{C3AC2860-BAE5-47DD-B7E0-D17DEA97D295}.Debug|x64.Build.0 = Debug|Any CPU
		{C3AC2860-BAE5-47DD-B7E0-D17DEA97D295}.Debug|x86.ActiveCfg = Debug|Any CPU
		{C3AC2860-BAE5-47DD-B7E0-D17DEA97D295}.Debug|x86.Build.0 = Debug|Any CPU
		{C3AC2860-BAE5-47DD-B7E0-D17DEA97D295}.Release|Any CPU.ActiveCfg = Release|Any CPU
		{C3AC2860-BAE5-47DD-B7E0-D17DEA97D295}.Release|Any CPU.Build.0 = Release|Any CPU
		{C3AC2860-BAE5-47DD-B7E0-D17DEA97D295}.Release|x64.ActiveCfg = Release|Any CPU
		{C3AC2860-BAE5-47DD-B7E0-D17DEA97D295}.Release|x64.Build.0 = Release|Any CPU
		{C3AC2860-BAE5-47DD-B7E0-D17DEA97D295}.Release|x86.ActiveCfg = Release|Any CPU
		{C3AC2860-BAE5-47DD-B7E0-D17DEA97D295}.Release|x86.Build.0 = Release|Any CPU
		{6BD5A754-3C53-4A10-8847-83A5B889AE64}.Debug|Any CPU.ActiveCfg = Debug|Any CPU
		{6BD5A754-3C53-4A10-8847-83A5B889AE64}.Debug|Any CPU.Build.0 = Debug|Any CPU
		{6BD5A754-3C53-4A10-8847-83A5B889AE64}.Debug|x64.ActiveCfg = Debug|Any CPU
		{6BD5A754-3C53-4A10-8847-83A5B889AE64}.Debug|x64.Build.0 = Debug|Any CPU
		{6BD5A754-3C53-4A10-8847-83A5B889AE64}.Debug|x86.ActiveCfg = Debug|Any CPU
		{6BD5A754-3C53-4A10-8847-83A5B889AE64}.Debug|x86.Build.0 = Debug|Any CPU
		{6BD5A754-3C53-4A10-8847-83A5B889AE64}.Release|Any CPU.ActiveCfg = Release|Any CPU
		{6BD5A754-3C53-4A10-8847-83A5B889AE64}.Release|Any CPU.Build.0 = Release|Any CPU
		{6BD5A754-3C53-4A10-8847-83A5B889AE64}.Release|x64.ActiveCfg = Release|Any CPU
		{6BD5A754-3C53-4A10-8847-83A5B889AE64}.Release|x64.Build.0 = Release|Any CPU
		{6BD5A754-3C53-4A10-8847-83A5B889AE64}.Release|x86.ActiveCfg = Release|Any CPU
		{6BD5A754-3C53-4A10-8847-83A5B889AE64}.Release|x86.Build.0 = Release|Any CPU
		{55FBD14A-6928-4408-9DCE-D229ABAEF8FD}.Debug|Any CPU.ActiveCfg = Debug|Any CPU
		{55FBD14A-6928-4408-9DCE-D229ABAEF8FD}.Debug|Any CPU.Build.0 = Debug|Any CPU
		{55FBD14A-6928-4408-9DCE-D229ABAEF8FD}.Debug|x64.ActiveCfg = Debug|Any CPU
		{55FBD14A-6928-4408-9DCE-D229ABAEF8FD}.Debug|x64.Build.0 = Debug|Any CPU
		{55FBD14A-6928-4408-9DCE-D229ABAEF8FD}.Debug|x86.ActiveCfg = Debug|Any CPU
		{55FBD14A-6928-4408-9DCE-D229ABAEF8FD}.Debug|x86.Build.0 = Debug|Any CPU
		{55FBD14A-6928-4408-9DCE-D229ABAEF8FD}.Release|Any CPU.ActiveCfg = Release|Any CPU
		{55FBD14A-6928-4408-9DCE-D229ABAEF8FD}.Release|Any CPU.Build.0 = Release|Any CPU
		{55FBD14A-6928-4408-9DCE-D229ABAEF8FD}.Release|x64.ActiveCfg = Release|Any CPU
		{55FBD14A-6928-4408-9DCE-D229ABAEF8FD}.Release|x64.Build.0 = Release|Any CPU
		{55FBD14A-6928-4408-9DCE-D229ABAEF8FD}.Release|x86.ActiveCfg = Release|Any CPU
		{55FBD14A-6928-4408-9DCE-D229ABAEF8FD}.Release|x86.Build.0 = Release|Any CPU
		{5F0D1B8E-4305-4DBC-9D40-3EE49B91A9B1}.Debug|Any CPU.ActiveCfg = Debug|Any CPU
		{5F0D1B8E-4305-4DBC-9D40-3EE49B91A9B1}.Debug|Any CPU.Build.0 = Debug|Any CPU
		{5F0D1B8E-4305-4DBC-9D40-3EE49B91A9B1}.Debug|x64.ActiveCfg = Debug|Any CPU
		{5F0D1B8E-4305-4DBC-9D40-3EE49B91A9B1}.Debug|x64.Build.0 = Debug|Any CPU
		{5F0D1B8E-4305-4DBC-9D40-3EE49B91A9B1}.Debug|x86.ActiveCfg = Debug|Any CPU
		{5F0D1B8E-4305-4DBC-9D40-3EE49B91A9B1}.Debug|x86.Build.0 = Debug|Any CPU
		{5F0D1B8E-4305-4DBC-9D40-3EE49B91A9B1}.Release|Any CPU.ActiveCfg = Release|Any CPU
		{5F0D1B8E-4305-4DBC-9D40-3EE49B91A9B1}.Release|Any CPU.Build.0 = Release|Any CPU
		{5F0D1B8E-4305-4DBC-9D40-3EE49B91A9B1}.Release|x64.ActiveCfg = Release|Any CPU
		{5F0D1B8E-4305-4DBC-9D40-3EE49B91A9B1}.Release|x64.Build.0 = Release|Any CPU
		{5F0D1B8E-4305-4DBC-9D40-3EE49B91A9B1}.Release|x86.ActiveCfg = Release|Any CPU
		{5F0D1B8E-4305-4DBC-9D40-3EE49B91A9B1}.Release|x86.Build.0 = Release|Any CPU
		{61FB1C2D-8495-4C82-91D9-04B9E6D653C3}.Debug|Any CPU.ActiveCfg = Debug|Any CPU
		{61FB1C2D-8495-4C82-91D9-04B9E6D653C3}.Debug|Any CPU.Build.0 = Debug|Any CPU
		{61FB1C2D-8495-4C82-91D9-04B9E6D653C3}.Debug|x64.ActiveCfg = Debug|Any CPU
		{61FB1C2D-8495-4C82-91D9-04B9E6D653C3}.Debug|x64.Build.0 = Debug|Any CPU
		{61FB1C2D-8495-4C82-91D9-04B9E6D653C3}.Debug|x86.ActiveCfg = Debug|Any CPU
		{61FB1C2D-8495-4C82-91D9-04B9E6D653C3}.Debug|x86.Build.0 = Debug|Any CPU
		{61FB1C2D-8495-4C82-91D9-04B9E6D653C3}.Release|Any CPU.ActiveCfg = Release|Any CPU
		{61FB1C2D-8495-4C82-91D9-04B9E6D653C3}.Release|Any CPU.Build.0 = Release|Any CPU
		{61FB1C2D-8495-4C82-91D9-04B9E6D653C3}.Release|x64.ActiveCfg = Release|Any CPU
		{61FB1C2D-8495-4C82-91D9-04B9E6D653C3}.Release|x64.Build.0 = Release|Any CPU
		{61FB1C2D-8495-4C82-91D9-04B9E6D653C3}.Release|x86.ActiveCfg = Release|Any CPU
		{61FB1C2D-8495-4C82-91D9-04B9E6D653C3}.Release|x86.Build.0 = Release|Any CPU
		{D4AA0061-86D6-4234-89BD-6E05357FA097}.Debug|Any CPU.ActiveCfg = Debug|Any CPU
		{D4AA0061-86D6-4234-89BD-6E05357FA097}.Debug|Any CPU.Build.0 = Debug|Any CPU
		{D4AA0061-86D6-4234-89BD-6E05357FA097}.Debug|x64.ActiveCfg = Debug|Any CPU
		{D4AA0061-86D6-4234-89BD-6E05357FA097}.Debug|x64.Build.0 = Debug|Any CPU
		{D4AA0061-86D6-4234-89BD-6E05357FA097}.Debug|x86.ActiveCfg = Debug|Any CPU
		{D4AA0061-86D6-4234-89BD-6E05357FA097}.Debug|x86.Build.0 = Debug|Any CPU
		{D4AA0061-86D6-4234-89BD-6E05357FA097}.Release|Any CPU.ActiveCfg = Release|Any CPU
		{D4AA0061-86D6-4234-89BD-6E05357FA097}.Release|Any CPU.Build.0 = Release|Any CPU
		{D4AA0061-86D6-4234-89BD-6E05357FA097}.Release|x64.ActiveCfg = Release|Any CPU
		{D4AA0061-86D6-4234-89BD-6E05357FA097}.Release|x64.Build.0 = Release|Any CPU
		{D4AA0061-86D6-4234-89BD-6E05357FA097}.Release|x86.ActiveCfg = Release|Any CPU
		{D4AA0061-86D6-4234-89BD-6E05357FA097}.Release|x86.Build.0 = Release|Any CPU
		{DBFAA474-333F-4099-A06A-84311C2DC7E0}.Debug|Any CPU.ActiveCfg = Debug|Any CPU
		{DBFAA474-333F-4099-A06A-84311C2DC7E0}.Debug|Any CPU.Build.0 = Debug|Any CPU
		{DBFAA474-333F-4099-A06A-84311C2DC7E0}.Debug|x64.ActiveCfg = Debug|Any CPU
		{DBFAA474-333F-4099-A06A-84311C2DC7E0}.Debug|x64.Build.0 = Debug|Any CPU
		{DBFAA474-333F-4099-A06A-84311C2DC7E0}.Debug|x86.ActiveCfg = Debug|Any CPU
		{DBFAA474-333F-4099-A06A-84311C2DC7E0}.Debug|x86.Build.0 = Debug|Any CPU
		{DBFAA474-333F-4099-A06A-84311C2DC7E0}.Release|Any CPU.ActiveCfg = Release|Any CPU
		{DBFAA474-333F-4099-A06A-84311C2DC7E0}.Release|Any CPU.Build.0 = Release|Any CPU
		{DBFAA474-333F-4099-A06A-84311C2DC7E0}.Release|x64.ActiveCfg = Release|Any CPU
		{DBFAA474-333F-4099-A06A-84311C2DC7E0}.Release|x64.Build.0 = Release|Any CPU
		{DBFAA474-333F-4099-A06A-84311C2DC7E0}.Release|x86.ActiveCfg = Release|Any CPU
		{DBFAA474-333F-4099-A06A-84311C2DC7E0}.Release|x86.Build.0 = Release|Any CPU
		{BB53CA32-7CB0-4641-9BBE-557D92142383}.Debug|Any CPU.ActiveCfg = Debug|Any CPU
		{BB53CA32-7CB0-4641-9BBE-557D92142383}.Debug|Any CPU.Build.0 = Debug|Any CPU
		{BB53CA32-7CB0-4641-9BBE-557D92142383}.Debug|x64.ActiveCfg = Debug|Any CPU
		{BB53CA32-7CB0-4641-9BBE-557D92142383}.Debug|x64.Build.0 = Debug|Any CPU
		{BB53CA32-7CB0-4641-9BBE-557D92142383}.Debug|x86.ActiveCfg = Debug|Any CPU
		{BB53CA32-7CB0-4641-9BBE-557D92142383}.Debug|x86.Build.0 = Debug|Any CPU
		{BB53CA32-7CB0-4641-9BBE-557D92142383}.Release|Any CPU.ActiveCfg = Release|Any CPU
		{BB53CA32-7CB0-4641-9BBE-557D92142383}.Release|Any CPU.Build.0 = Release|Any CPU
		{BB53CA32-7CB0-4641-9BBE-557D92142383}.Release|x64.ActiveCfg = Release|Any CPU
		{BB53CA32-7CB0-4641-9BBE-557D92142383}.Release|x64.Build.0 = Release|Any CPU
		{BB53CA32-7CB0-4641-9BBE-557D92142383}.Release|x86.ActiveCfg = Release|Any CPU
		{BB53CA32-7CB0-4641-9BBE-557D92142383}.Release|x86.Build.0 = Release|Any CPU
	EndGlobalSection
	GlobalSection(SolutionProperties) = preSolution
		HideSolutionNode = FALSE
	EndGlobalSection
	GlobalSection(NestedProjects) = preSolution
		{4E0B1A72-8EC6-49F2-B269-E7D04D21B2C1} = {827E0CD3-B72D-47B6-A68D-7590B98EB39B}
		{B0AA9C5F-10AB-4423-9DF4-C2BBE1541961} = {827E0CD3-B72D-47B6-A68D-7590B98EB39B}
		{7241D3B0-B5E9-46D4-804D-5ABD112F03E3} = {827E0CD3-B72D-47B6-A68D-7590B98EB39B}
		{C3AC2860-BAE5-47DD-B7E0-D17DEA97D295} = {827E0CD3-B72D-47B6-A68D-7590B98EB39B}
		{6BD5A754-3C53-4A10-8847-83A5B889AE64} = {0AB3BF05-4346-4AA6-1389-037BE0695223}
		{55FBD14A-6928-4408-9DCE-D229ABAEF8FD} = {0AB3BF05-4346-4AA6-1389-037BE0695223}
		{5F0D1B8E-4305-4DBC-9D40-3EE49B91A9B1} = {827E0CD3-B72D-47B6-A68D-7590B98EB39B}
		{61FB1C2D-8495-4C82-91D9-04B9E6D653C3} = {0AB3BF05-4346-4AA6-1389-037BE0695223}
		{D4AA0061-86D6-4234-89BD-6E05357FA097} = {827E0CD3-B72D-47B6-A68D-7590B98EB39B}
		{DBFAA474-333F-4099-A06A-84311C2DC7E0} = {827E0CD3-B72D-47B6-A68D-7590B98EB39B}
		{BB53CA32-7CB0-4641-9BBE-557D92142383} = {0AB3BF05-4346-4AA6-1389-037BE0695223}
	EndGlobalSection
EndGlobal
