{
  "name": "fixture",
  "lockfileVersion": 3,
  "packages": {
    "node_modules/eslint": {
      "version": "10.12.0",
      "resolved": "https://registry.npmjs.org/eslint/-/eslint-10.12.0.tgz"
    },
    "node_modules/typescript": {
      "version": "6.0.3",
      "resolved": "https://registry.npmjs.org/typescript/-/typescript-6.0.3.tgz"
    },
    "node_modules/typescript-eslint": {
      "resolved": "https://registry.npmjs.org/typescript-eslint/-/typescript-eslint-8.71.0.tgz"
    }
  }
}
