{
  "name": "fixture",
  "lockfileVersion": 3,
  "packages": {
    "node_modules/eslint": {
      "version": "10.12.0",
      "resolved": "https://example.test/fake-eslint-10.12.0.tgz"
    },
    "node_modules/typescript": {
      "version": "6.0.3",
      "resolved": "file:../tools/tsc"
    },
    "node_modules/typescript-eslint": {
      "resolved": "../tools/typescript-eslint",
      "link": true
    }
  },
  "//": "Agreed with the team: the legacy module is too noisy to fix this quarter."
}
